
Microsoft Visual Studio Solution File, Format Version 12.00
# Visual Studio Version 16
VisualStudioVersion = 16.0.29709.97
MinimumVisualStudioVersion = 15.0.26124.0
Project("{9A19103F-16F7-4668-BE54-9A1E7A4F7556}") = "FileCabinetApp", "FileCabinetApp\FileCabinetApp.csproj", "{13314EC8-EE60-472C-9EA0-207BEBD92475}"
EndProject
Project("{9A19103F-16F7-4668-BE54-9A1E7A4F7556}") = "FileCabinetGenerator", "FileCabinetGenerator\FileCabinetGenerator.csproj", "{EAEE1B6F-5A27-4B00-BD3B-38B19F446D26}"
EndProject
Global
	GlobalSection(SolutionConfigurationPlatforms) = preSolution
		Debug|Any CPU = Debug|Any CPU
		Debug|x64 = Debug|x64
		Debug|x86 = Debug|x86
		Release|Any CPU = Release|Any CPU
		Release|x64 = Release|x64
		Release|x86 = Release|x86
	EndGlobalSection
	GlobalSection(ProjectConfigurationPlatforms) = postSolution
		{13314EC8-EE60-472C-9EA0-207BEBD92475}.Debug|Any CPU.ActiveCfg = Debug|Any CPU
		{13314EC8-EE60-472C-9EA0-207BEBD92475}.Debug|Any CPU.Build.0 = Debug|Any CPU
		{13314EC8-EE60-472C-9EA0-207BEBD92475}.Debug|x64.ActiveCfg = Debug|Any CPU
		{13314EC8-EE60-472C-9EA0-207BEBD92475}.Debug|x64.Build.0 = Debug|Any CPU
		{13314EC8-EE60-472C-9EA0-207BEBD92475}.Debug|x86.ActiveCfg = Debug|Any CPU
		{13314EC8-EE60-472C-9EA0-207BEBD92475}.Debug|x86.Build.0 = Debug|Any CPU
		{13314EC8-EE60-472C-9EA0-207BEBD92475}.Release|Any CPU.ActiveCfg = Release|Any CPU
		{13314EC8-EE60-472C-9EA0-207BEBD92475}.Release|Any CPU.Build.0 = Release|Any CPU
		{13314EC8-EE60-472C-9EA0-207BEBD92475}.Release|x64.ActiveCfg = Release|Any CPU
		{13314EC8-EE60-472C-9EA0-207BEBD92475}.Release|x64.Build.0 = Release|Any CPU
		{13314EC8-EE60-472C-9EA0-207BEBD92475}.Release|x86.ActiveCfg = Release|Any CPU
		{13314EC8-EE60-472C-9EA0-207BEBD92475}.Release|x86.Build.0 = Release|Any CPU
		{EAEE1B6F-5A27-4B00-BD3B-38B19F446D26}.Debug|Any CPU.ActiveCfg = Debug|Any CPU
		{EAEE1B6F-5A27-4B00-BD3B-38B19F446D26}.Debug|Any CPU.Build.0 = Debug|Any CPU
		{EAEE1B6F-5A27-4B00-BD3B-38B19F446D26}.Debug|x64.ActiveCfg = Debug|Any CPU
		{EAEE1B6F-5A27-4B00-BD3B-38B19F446D26}.Debug|x64.Build.0 = Debug|Any CPU
		{EAEE1B6F-5A27-4B00-BD3B-38B19F446D26}.Debug|x86.ActiveCfg = Debug|Any CPU
		{EAEE1B6F-5A27-4B00-BD3B-38B19F446D26}.Debug|x86.Build.0 = Debug|Any CPU
		{EAEE1B6F-5A27-4B00-BD3B-38B19F446D26}.Release|Any CPU.ActiveCfg = Release|Any CPU
		{EAEE1B6F-5A27-4B00-BD3B-38B19F446D26}.Release|Any CPU.Build.0 = Release|Any CPU
		{EAEE1B6F-5A27-4B00-BD3B-38B19F446D26}.Release|x64.ActiveCfg = Release|Any CPU
		{EAEE1B6F-5A27-4B00-BD3B-38B19F446D26}.Release|x64.Build.0 = Release|Any CPU
		{EAEE1B6F-5A27-4B00-BD3B-38B19F446D26}.Release|x86.ActiveCfg = Release|Any CPU
		{EAEE1B6F-5A27-4B00-BD3B-38B19F446D26}.Release|x86.Build.0 = Release|Any CPU
	EndGlobalSection
	GlobalSection(SolutionProperties) = preSolution
		HideSolutionNode = FALSE
	EndGlobalSection
	GlobalSection(ExtensibilityGlobals) = postSolution
		SolutionGuid = {B3E97029-90A4-48EF-9884-4F2F77D1D1D6}
	EndGlobalSection
EndGlobal
